
Microsoft Visual Studio Solution File, Format Version 12.00
# Visual Studio Version 17
VisualStudioVersion = 17.8.34309.116
MinimumVisualStudioVersion = 10.0.40219.1
Project("{FAE04EC0-301F-11D3-BF4B-00C04F79EFBC}") = "WebApplication1", "WebApplication1\WebApplication1.csproj", "{B404BF88-7CA3-4B14-83B6-C589020AC79E}"
EndProject
Global
	GlobalSection(SolutionConfigurationPlatforms) = preSolution
		Debug|Any CPU = Debug|Any CPU
		Release|Any CPU = Release|Any CPU
	EndGlobalSection
	GlobalSection(ProjectConfigurationPlatforms) = postSolution
		{B404BF88-7CA3-4B14-83B6-C589020AC79E}.Debug|Any CPU.ActiveCfg = Debug|Any CPU
		{B404BF88-7CA3-4B14-83B6-C589020AC79E}.Debug|Any CPU.Build.0 = Debug|Any CPU
		{B404BF88-7CA3-4B14-83B6-C589020AC79E}.Release|Any CPU.ActiveCfg = Release|Any CPU
		{B404BF88-7CA3-4B14-83B6-C589020AC79E}.Release|Any CPU.Build.0 = Release|Any CPU
	EndGlobalSection
	GlobalSection(SolutionProperties) = preSolution
		HideSolutionNode = FALSE
	EndGlobalSection
	GlobalSection(ExtensibilityGlobals) = postSolution
		SolutionGuid = {F9E8A4CB-3D85-4693-91E1-F9695344F648}
	EndGlobalSection
EndGlobal
